Microsoft Visual Studio Solution File, Format Version 12.00
# Visual Studio Version 17
VisualStudioVersion = 17.5.2.0
MinimumVisualStudioVersion = 10.0.40219.1
Project("{FAE04EC0-301F-11D3-BF4B-00C04F79EFBC}") = "qli003-api", "qli003-api\qli003-api.csproj", "{733A5E78-EA5A-0EFF-71D9-F9C1004B547A}"
EndProject
Global
	GlobalSection(SolutionConfigurationPlatforms) = preSolution
		Debug|Any CPU = Debug|Any CPU
		Release|Any CPU = Release|Any CPU
	EndGlobalSection
	GlobalSection(ProjectConfigurationPlatforms) = postSolution
		{733A5E78-EA5A-0EFF-71D9-F9C1004B547A}.Debug|Any CPU.ActiveCfg = Debug|Any CPU
		{733A5E78-EA5A-0EFF-71D9-F9C1004B547A}.Debug|Any CPU.Build.0 = Debug|Any CPU
		{733A5E78-EA5A-0EFF-71D9-F9C1004B547A}.Release|Any CPU.ActiveCfg = Release|Any CPU
		{733A5E78-EA5A-0EFF-71D9-F9C1004B547A}.Release|Any CPU.Build.0 = Release|Any CPU
	EndGlobalSection
	GlobalSection(SolutionProperties) = preSolution
		HideSolutionNode = FALSE
	EndGlobalSection
	GlobalSection(ExtensibilityGlobals) = postSolution
		SolutionGuid = {548348D5-456E-4BE9-9EDF-5510F1AECFB6}
	EndGlobalSection
EndGlobal
